
Microsoft Visual Studio Solution File, Format Version 12.00
# Visual Studio Version 17
VisualStudioVersion = 17.3.32929.385
MinimumVisualStudioVersion = 10.0.40219.1
Project("{9A19103F-16F7-4668-BE54-9A1E7A4F7556}") = "MonoTerrain", "MonoTerrain.csproj", "{360E7700-0688-4C56-82C1-FB7D8845EF50}"
EndProject
Project("{9A19103F-16F7-4668-BE54-9A1E7A4F7556}") = "Monogame.ImGuiNet", "..\MonoGame.ImGuiNet-main\Monogame.ImGuiNet.csproj", "{157267BE-0B28-4D59-96BD-BDC84D372843}"
EndProject
Global
	GlobalSection(SolutionConfigurationPlatforms) = preSolution
		Debug|Any CPU = Debug|Any CPU
		Release|Any CPU = Release|Any CPU
	EndGlobalSection
	GlobalSection(ProjectConfigurationPlatforms) = postSolution
		{360E7700-0688-4C56-82C1-FB7D8845EF50}.Debug|Any CPU.ActiveCfg = Debug|Any CPU
		{360E7700-0688-4C56-82C1-FB7D8845EF50}.Debug|Any CPU.Build.0 = Debug|Any CPU
		{360E7700-0688-4C56-82C1-FB7D8845EF50}.Release|Any CPU.ActiveCfg = Release|Any CPU
		{360E7700-0688-4C56-82C1-FB7D8845EF50}.Release|Any CPU.Build.0 = Release|Any CPU
		{157267BE-0B28-4D59-96BD-BDC84D372843}.Debug|Any CPU.ActiveCfg = Debug|Any CPU
		{157267BE-0B28-4D59-96BD-BDC84D372843}.Debug|Any CPU.Build.0 = Debug|Any CPU
		{157267BE-0B28-4D59-96BD-BDC84D372843}.Release|Any CPU.ActiveCfg = Release|Any CPU
		{157267BE-0B28-4D59-96BD-BDC84D372843}.Release|Any CPU.Build.0 = Release|Any CPU
	EndGlobalSection
	GlobalSection(SolutionProperties) = preSolution
		HideSolutionNode = FALSE
	EndGlobalSection
	GlobalSection(ExtensibilityGlobals) = postSolution
		SolutionGuid = {83953A55-328C-4570-A219-19AB199F9BCF}
	EndGlobalSection
EndGlobal
